Microsoft Visual Studio Solution File, Format Version 8.00
Project("{8BC9CEB8-8B4A-11D0-8D11-00A0C91BC942}") = "carmel", "carmel.vcproj", "{0265F2EB-FB68-4CF6-9BBB-C857873A4FAE}"
	ProjectSection(ProjectDependencies) = postProject
	EndProjectSection
EndProject
Global
	GlobalSection(SolutionConfiguration) = preSolution
		Debug = Debug
		Release = Release
		test = test
		test_opt = test_opt
	EndGlobalSection
	GlobalSection(ProjectConfiguration) = postSolution
		{0265F2EB-FB68-4CF6-9BBB-C857873A4FAE}.Debug.ActiveCfg = Debug|Win32
		{0265F2EB-FB68-4CF6-9BBB-C857873A4FAE}.Debug.Build.0 = Debug|Win32
		{0265F2EB-FB68-4CF6-9BBB-C857873A4FAE}.Release.ActiveCfg = Release|Win32
		{0265F2EB-FB68-4CF6-9BBB-C857873A4FAE}.Release.Build.0 = Release|Win32
		{0265F2EB-FB68-4CF6-9BBB-C857873A4FAE}.test.ActiveCfg = test|Win32
		{0265F2EB-FB68-4CF6-9BBB-C857873A4FAE}.test.Build.0 = test|Win32
		{0265F2EB-FB68-4CF6-9BBB-C857873A4FAE}.test_opt.ActiveCfg = test_opt|Win32
		{0265F2EB-FB68-4CF6-9BBB-C857873A4FAE}.test_opt.Build.0 = test_opt|Win32
	EndGlobalSection
	GlobalSection(ExtensibilityGlobals) = postSolution
	EndGlobalSection
	GlobalSection(ExtensibilityAddIns) = postSolution
	EndGlobalSection
EndGlobal
